
Microsoft Visual Studio Solution File, Format Version 12.00
# Visual Studio Version 16
VisualStudioVersion = 16.0.30907.101
MinimumVisualStudioVersion = 10.0.40219.1
Project("{FAE04EC0-301F-11D3-BF4B-00C04F79EFBC}") = "kepszegmentalas_kmeans", "kepszegmentalas_kmeans\kepszegmentalas_kmeans.csproj", "{60C45088-DEBA-4411-BC5D-76682233FC29}"
EndProject
Global
	GlobalSection(SolutionConfigurationPlatforms) = preSolution
		Debug|Any CPU = Debug|Any CPU
		Release|Any CPU = Release|Any CPU
	EndGlobalSection
	GlobalSection(ProjectConfigurationPlatforms) = postSolution
		{60C45088-DEBA-4411-BC5D-76682233FC29}.Debug|Any CPU.ActiveCfg = Debug|Any CPU
		{60C45088-DEBA-4411-BC5D-76682233FC29}.Debug|Any CPU.Build.0 = Debug|Any CPU
		{60C45088-DEBA-4411-BC5D-76682233FC29}.Release|Any CPU.ActiveCfg = Release|Any CPU
		{60C45088-DEBA-4411-BC5D-76682233FC29}.Release|Any CPU.Build.0 = Release|Any CPU
	EndGlobalSection
	GlobalSection(SolutionProperties) = preSolution
		HideSolutionNode = FALSE
	EndGlobalSection
	GlobalSection(ExtensibilityGlobals) = postSolution
		SolutionGuid = {A4E286FB-02C3-4D21-916D-E1C46FCFA20B}
	EndGlobalSection
EndGlobal
